{
  "name": "scan_repo_map",
  "version": "2.0.0",
  "lockfileVersion": 3,
  "requires": true,
  "packages": {
    "": {
      "name": "scan_repo_map",
      "version": "2.0.0",
      "dependencies": {
        "@ast-grep/lang-c": "^0.0.6",
        "@ast-grep/lang-cpp": "^0.0.6",
        "@ast-grep/lang-go": "^0.0.6",
        "@ast-grep/lang-java": "^0.0.7",
        "@ast-grep/lang-kotlin": "^0.0.7",
        "@ast-grep/lang-python": "^0.0.6",
        "@ast-grep/lang-swift": "^0.0.8",
        "@ast-grep/napi": "0.45.2",
        "@scan-repo-map/lang-dart": "file:./packages/lang-dart"
      },
      "bin": {
        "scan_repo_map": "bin/scan_repo_map.mjs"
      },
      "engines": {
        "node": ">=18"
      }
    },
    "node_modules/@ast-grep/lang-c": {
      "version": "0.0.6",
      "resolved": "https://registry.npmjs.org/@ast-grep/lang-c/-/lang-c-0.0.6.tgz",
      "integrity": "sha512-z4ldQyXENqqiNr+F3qhhtKYxgRwLGpOrpc0RIsINwbzeixyFnlNWw5MB1p5yIXN1DkHWrnz5Sd6Wl5s0Mbf6OQ==",
      "hasInstallScript": true,
      "license": "ISC",
      "dependencies": {
        "@ast-grep/setup-lang": "0.0.6"
      },
      "peerDependencies": {
        "tree-sitter-cli": "0.25.8"
      },
      "peerDependenciesMeta": {
        "tree-sitter-cli": {
          "optional": true
        }
      }
    },
    "node_modules/@ast-grep/lang-cpp": {
      "version": "0.0.6",
      "resolved": "https://registry.npmjs.org/@ast-grep/lang-cpp/-/lang-cpp-0.0.6.tgz",
      "integrity": "sha512-VsNr3fzgV969wuWnno7Rb2LexpeO9TwVBiwnCeH9NsDD6/v7Vr529FJF07E2bAsQjB2HPdljY2/a11GbT3xG9A==",
      "hasInstallScript": true,
      "license": "ISC",
      "dependencies": {
        "@ast-grep/setup-lang": "0.0.6"
      },
      "peerDependencies": {
        "tree-sitter-cli": "0.25.8"
      },
      "peerDependenciesMeta": {
        "tree-sitter-cli": {
          "optional": true
        }
      }
    },
    "node_modules/@ast-grep/lang-go": {
      "version": "0.0.6",
      "resolved": "https://registry.npmjs.org/@ast-grep/lang-go/-/lang-go-0.0.6.tgz",
      "integrity": "sha512-PZap9Rp6t+YKbLjRnFRF5aGBX3/HV9s5Rp7ZPsCM+o3tlTZDo1IqDYnFu+Oeh5Razs2U8K8ccPSJ+GBxalVhWg==",
      "hasInstallScript": true,
      "license": "ISC",
      "dependencies": {
        "@ast-grep/setup-lang": "0.0.6"
      },
      "peerDependencies": {
        "tree-sitter-cli": "0.25.8"
      },
      "peerDependenciesMeta": {
        "tree-sitter-cli": {
          "optional": true
        }
      }
    },
    "node_modules/@ast-grep/lang-java": {
      "version": "0.0.7",
      "resolved": "https://registry.npmjs.org/@ast-grep/lang-java/-/lang-java-0.0.7.tgz",
      "integrity": "sha512-7muXd2MqUxJ8SrLrXU+JbvU6qSASZ5BZqH/eCDkIIjXge5wMl7kIYxKEgP375W8lnTXQYjM+VgeOkYSU9EexJg==",
      "hasInstallScript": true,
      "license": "ISC",
      "dependencies": {
        "@ast-grep/setup-lang": "0.0.6"
      },
      "peerDependencies": {
        "tree-sitter-cli": "0.25.8"
      },
      "peerDependenciesMeta": {
        "tree-sitter-cli": {
          "optional": true
        }
      }
    },
    "node_modules/@ast-grep/lang-kotlin": {
      "version": "0.0.7",
      "resolved": "https://registry.npmjs.org/@ast-grep/lang-kotlin/-/lang-kotlin-0.0.7.tgz",
      "integrity": "sha512-+rXVbmESlE5c3QQGl/si0BRj/aC/v6P8Tw//8UxojoqlfZDISG95bHeVRZxb4NuEkt0kFFRn7Lbi9DsHXn8MbA==",
      "hasInstallScript": true,
      "license": "ISC",
      "dependencies": {
        "@ast-grep/setup-lang": "0.0.6"
      },
      "peerDependencies": {
        "tree-sitter-cli": "0.25.8"
      },
      "peerDependenciesMeta": {
        "tree-sitter-cli": {
          "optional": true
        }
      }
    },
    "node_modules/@ast-grep/lang-python": {
      "version": "0.0.6",
      "resolved": "https://registry.npmjs.org/@ast-grep/lang-python/-/lang-python-0.0.6.tgz",
      "integrity": "sha512-eF/bEBspmrxdVuPNihvZDyyJx5qtIpGEMz9l1nNQmrji7NZcUiRNC8WwzYyQCBdy1mj8HZ0Tn4I2q3gp/6Bkiw==",
      "hasInstallScript": true,
      "license": "ISC",
      "dependencies": {
        "@ast-grep/setup-lang": "0.0.6"
      },
      "peerDependencies": {
        "tree-sitter-cli": "0.25.8"
      },
      "peerDependenciesMeta": {
        "tree-sitter-cli": {
          "optional": true
        }
      }
    },
    "node_modules/@ast-grep/lang-swift": {
      "version": "0.0.8",
      "resolved": "https://registry.npmjs.org/@ast-grep/lang-swift/-/lang-swift-0.0.8.tgz",
      "integrity": "sha512-v+pLafFzXQJ/yTgmOclSzBDX+actORUqrAL0+fJkHlvnbYARxXXKoo4bonuWlzLjp+gOLP/Liuvhb4FlWgPFXA==",
      "hasInstallScript": true,
      "license": "ISC",
      "dependencies": {
        "@ast-grep/setup-lang": "0.0.6"
      },
      "peerDependencies": {
        "tree-sitter-cli": "0.25.8"
      },
      "peerDependenciesMeta": {
        "tree-sitter-cli": {
          "optional": true
        }
      }
    },
    "node_modules/@ast-grep/napi": {
      "version": "0.45.2",
      "resolved": "https://registry.npmjs.org/@ast-grep/napi/-/napi-0.45.2.tgz",
      "integrity": "sha512-hBA5c7JV6OM7zFWoLjUNZhsDpxEIEIeew5S3z1giwK5tPQqobuFfM2OhS45bN3E0+yQtgCX/o8/AEHKbGD3ykg==",
      "license": "MIT",
      "engines": {
        "node": ">= 10"
      },
      "optionalDependencies": {
        "@ast-grep/napi-darwin-arm64": "0.45.2",
        "@ast-grep/napi-darwin-x64": "0.45.2",
        "@ast-grep/napi-linux-arm64-gnu": "0.45.2",
        "@ast-grep/napi-linux-arm64-musl": "0.45.2",
        "@ast-grep/napi-linux-x64-gnu": "0.45.2",
        "@ast-grep/napi-linux-x64-musl": "0.45.2",
        "@ast-grep/napi-win32-arm64-msvc": "0.45.2",
        "@ast-grep/napi-win32-ia32-msvc": "0.45.2",
        "@ast-grep/napi-win32-x64-msvc": "0.45.2"
      }
    },
    "node_modules/@ast-grep/napi-darwin-arm64": {
      "version": "0.45.2",
      "resolved": "https://registry.npmjs.org/@ast-grep/napi-darwin-arm64/-/napi-darwin-arm64-0.45.2.tgz",
      "integrity": "sha512-29+sfXTJ7xxqgTuWAHA89gDAQIiJyAZ1ZiHoupjKIqyn0mhXrktO1WOghlDzyYs++hITEPOeXftxy48Y0tDGDQ==",
      "cpu": [
        "arm64"
      ],
      "license": "MIT",
      "optional": true,
      "os": [
        "darwin"
      ],
      "engines": {
        "node": ">= 10"
      }
    },
    "node_modules/@ast-grep/napi-darwin-x64": {
      "version": "0.45.2",
      "resolved": "https://registry.npmjs.org/@ast-grep/napi-darwin-x64/-/napi-darwin-x64-0.45.2.tgz",
      "integrity": "sha512-PUjh7Zf4dKNzYLOYhX5wU6O4BgRPdJnD9zkS1n+/5SeK0U1L5YL486RjNgFt9Xyff0PGtP/wDeoHMF5PhKEwsw==",
      "cpu": [
        "x64"
      ],
      "license": "MIT",
      "optional": true,
      "os": [
        "darwin"
      ],
      "engines": {
        "node": ">= 10"
      }
    },
    "node_modules/@ast-grep/napi-linux-arm64-gnu": {
      "version": "0.45.2",
      "resolved": "https://registry.npmjs.org/@ast-grep/napi-linux-arm64-gnu/-/napi-linux-arm64-gnu-0.45.2.tgz",
      "integrity": "sha512-bnGKLLHWO13pjPChOFq7Ifqj3HJdOAxMQAGDCUC2JSJhO2YL8/xBZrpN0cHIWNuoUNSAXjCtr5AsCnPz/3jlFg==",
      "cpu": [
        "arm64"
      ],
      "libc": [
        "glibc"
      ],
      "license": "MIT",
      "optional": true,
      "os": [
        "linux"
      ],
      "engines": {
        "node": ">= 10"
      }
    },
    "node_modules/@ast-grep/napi-linux-arm64-musl": {
      "version": "0.45.2",
      "resolved": "https://registry.npmjs.org/@ast-grep/napi-linux-arm64-musl/-/napi-linux-arm64-musl-0.45.2.tgz",
      "integrity": "sha512-FXVb4/V55THjhKxi5zWVrAO8JQj+/DiYP7JLsqenkm5V3UNuC8p2opGOyQpUvNpvcqJiZA9Hl+Onj/yfwSVr/A==",
      "cpu": [
        "arm64"
      ],
      "libc": [
        "musl"
      ],
      "license": "MIT",
      "optional": true,
      "os": [
        "linux"
      ],
      "engines": {
        "node": ">= 10"
      }
    },
    "node_modules/@ast-grep/napi-linux-x64-gnu": {
      "version": "0.45.2",
      "resolved": "https://registry.npmjs.org/@ast-grep/napi-linux-x64-gnu/-/napi-linux-x64-gnu-0.45.2.tgz",
      "integrity": "sha512-mtEIPLV9MW2PBswFcp3ydM4T5Ub73s89SRd0QMT2+DfA9XBLCLhnC+r/Yt4eRgnf8FyNx49bFTPxXvFKscr9hw==",
      "cpu": [
        "x64"
      ],
      "libc": [
        "glibc"
      ],
      "license": "MIT",
      "optional": true,
      "os": [
        "linux"
      ],
      "engines": {
        "node": ">= 10"
      }
    },
    "node_modules/@ast-grep/napi-linux-x64-musl": {
      "version": "0.45.2",
      "resolved": "https://registry.npmjs.org/@ast-grep/napi-linux-x64-musl/-/napi-linux-x64-musl-0.45.2.tgz",
      "integrity": "sha512-WLLHxDmuXkb/e3mz/xDCrB2dZPzv1ntsepuRTtpaIGczxnQTgFSzX/CXPD0e1MfsU/QL1AiXxxni8w+NGy/ZpQ==",
      "cpu": [
        "x64"
      ],
      "libc": [
        "musl"
      ],
      "license": "MIT",
      "optional": true,
      "os": [
        "linux"
      ],
      "engines": {
        "node": ">= 10"
      }
    },
    "node_modules/@ast-grep/napi-win32-arm64-msvc": {
      "version": "0.45.2",
      "resolved": "https://registry.npmjs.org/@ast-grep/napi-win32-arm64-msvc/-/napi-win32-arm64-msvc-0.45.2.tgz",
      "integrity": "sha512-04iOFaMzD2nf8CKw3nURWN42900wqPtUTQaMo1I2KRk3qbgtHSJjJoVJGAWUXkCq4LhPg3Xlk1s+ssWf4rNm2A==",
      "cpu": [
        "arm64"
      ],
      "license": "MIT",
      "optional": true,
      "os": [
        "win32"
      ],
      "engines": {
        "node": ">= 10"
      }
    },
    "node_modules/@ast-grep/napi-win32-ia32-msvc": {
      "version": "0.45.2",
      "resolved": "https://registry.npmjs.org/@ast-grep/napi-win32-ia32-msvc/-/napi-win32-ia32-msvc-0.45.2.tgz",
      "integrity": "sha512-tE3y0RQcajocKwpYLbgHKd4lzGGAx1wGMA0bGPsWdoFK8VSob6ZDuYdSlSdnaRs8jAc4F3axToNRKn15p+0/Dg==",
      "cpu": [
        "ia32"
      ],
      "license": "MIT",
      "optional": true,
      "os": [
        "win32"
      ],
      "engines": {
        "node": ">= 10"
      }
    },
    "node_modules/@ast-grep/napi-win32-x64-msvc": {
      "version": "0.45.2",
      "resolved": "https://registry.npmjs.org/@ast-grep/napi-win32-x64-msvc/-/napi-win32-x64-msvc-0.45.2.tgz",
      "integrity": "sha512-o8Z5Z42TAJe0fPnb11rrjtte58wlw/MuR4KpVMHl8IhJLBBR7gHR0E8wfMz88TxzsQz0U2KYev0k0a2fV4i0sQ==",
      "cpu": [
        "x64"
      ],
      "license": "MIT",
      "optional": true,
      "os": [
        "win32"
      ],
      "engines": {
        "node": ">= 10"
      }
    },
    "node_modules/@ast-grep/setup-lang": {
      "version": "0.0.6",
      "resolved": "https://registry.npmjs.org/@ast-grep/setup-lang/-/setup-lang-0.0.6.tgz",
      "integrity": "sha512-aSYZNF5nGQMxnwiA3Lcc8zi0AtpGlug47ADgqCgP/2n7p922FbnW7vo1rbW4kKjW72B/3mDdN7uvYidv8JnPnw==",
      "license": "ISC"
    },
    "node_modules/@scan-repo-map/lang-dart": {
      "resolved": "packages/lang-dart",
      "link": true
    },
    "node_modules/tree-sitter-cli": {
      "version": "0.25.8",
      "resolved": "https://registry.npmjs.org/tree-sitter-cli/-/tree-sitter-cli-0.25.8.tgz",
      "integrity": "sha512-avR7qo4qT+dNv2jj4M2e79vfc2etbWK6/umWcRsnEX1LTRhUL6p5AgGe6dP7+cV/RYFFk/VBz1rJuVCk+w5H2A==",
      "devOptional": true,
      "hasInstallScript": true,
      "license": "MIT",
      "bin": {
        "tree-sitter": "cli.js"
      },
      "engines": {
        "node": ">=12.0.0"
      }
    },
    "packages/lang-dart": {
      "name": "@scan-repo-map/lang-dart",
      "version": "0.1.0",
      "hasInstallScript": true,
      "license": "ISC",
      "dependencies": {
        "@ast-grep/setup-lang": "0.0.6"
      },
      "devDependencies": {
        "@ast-grep/napi": "^0.45.2",
        "tree-sitter-cli": "0.25.8"
      },
      "peerDependencies": {
        "tree-sitter-cli": "0.25.8"
      },
      "peerDependenciesMeta": {
        "tree-sitter-cli": {
          "optional": true
        }
      }
    }
  }
}
